// !$*UTF8*$!
{
	archiveVersion = 1;
	classes = {
	};
	objectVersion = 46;
	objects = {

/* Begin PBXBuildFile section */
		656C540D1AAC048A00EC2517 /* AppDelegate.swift in Sources */ = {isa = PBXBuildFile; fileRef = 656C540C1AAC048A00EC2517 /* AppDelegate.swift */; };
		656C540F1AAC048A00EC2517 /* ViewController.swift in Sources */ = {isa = PBXBuildFile; fileRef = 656C540E1AAC048A00EC2517 /* ViewController.swift */; };
		656C54121AAC048A00EC2517 /* Main.storyboard in Resources */ = {isa = PBXBuildFile; fileRef = 656C54101AAC048A00EC2517 /* Main.storyboard */; };
		656C54141AAC048A00EC2517 /* Images.xcassets in Resources */ = {isa = PBXBuildFile; fileRef = 656C54131AAC048A00EC2517 /* Images.xcassets */; };
		656C54171AAC048A00EC2517 /* LaunchScreen.xib in Resources */ = {isa = PBXBuildFile; fileRef = 656C54151AAC048A00EC2517 /* LaunchScreen.xib */; };
		656C54231AAC048A00EC2517 /* LocationTests.swift in Sources */ = {isa = PBXBuildFile; fileRef = 656C54221AAC048A00EC2517 /* LocationTests.swift */; };
		656C542D1AAC054C00EC2517 /* MapKit.framework in Frameworks */ = {isa = PBXBuildFile; fileRef = 656C542C1AAC054C00EC2517 /* MapKit.framework */; };
		656C542F1AAC094500EC2517 /* CoreLocation.framework in Frameworks */ = {isa = PBXBuildFile; fileRef = 656C542E1AAC094500EC2517 /* CoreLocation.framework */; };
/* End PBXBuildFile section */

/* Begin PBXContainerItemProxy section */
		656C541D1AAC048A00EC2517 /* PBXContainerItemProxy */ = {
			isa = PBXContainerItemProxy;
			containerPortal = 656C53FF1AAC048A00EC2517 /* Project object */;
			proxyType = 1;
			remoteGlobalIDString = 656C54061AAC048A00EC2517;
			remoteInfo = Location;
		};
/* End PBXContainerItemProxy section */

/* Begin PBXFileReference section */
		656C54071AAC048A00EC2517 /* Location.app */ = {isa = PBXFileReference; explicitFileType = wrapper.application; includeInIndex = 0; path = Location.app; sourceTree = BUILT_PRODUCTS_DIR; };
		656C540B1AAC048A00EC2517 /* Info.plist */ = {isa = PBXFileReference; lastKnownFileType = text.plist.xml; path = Info.plist; sourceTree = "<group>"; };
		656C540C1AAC048A00EC2517 /* AppDelegate.swift */ = {isa = PBXFileReference; lastKnownFileType = sourcecode.swift; path = AppDelegate.swift; sourceTree = "<group>"; };
		656C540E1AAC048A00EC2517 /* ViewController.swift */ = {isa = PBXFileReference; lastKnownFileType = sourcecode.swift; path = ViewController.swift; sourceTree = "<group>"; };
		656C54111AAC048A00EC2517 /* Base */ = {isa = PBXFileReference; lastKnownFileType = file.storyboard; name = Base; path = Base.lproj/Main.storyboard; sourceTree = "<group>"; };
		656C54131AAC048A00EC2517 /* Images.xcassets */ = {isa = PBXFileReference; lastKnownFileType = folder.assetcatalog; path = Images.xcassets; sourceTree = "<group>"; };
		656C54161AAC048A00EC2517 /* Base */ = {isa = PBXFileReference; lastKnownFileType = file.xib; name = Base; path = Base.lproj/LaunchScreen.xib; sourceTree = "<group>"; };
		656C541C1AAC048A00EC2517 /* LocationTests.xctest */ = {isa = PBXFileReference; explicitFileType = wrapper.cfbundle; includeInIndex = 0; path = LocationTests.xctest; sourceTree = BUILT_PRODUCTS_DIR; };
		656C54211AAC048A00EC2517 /* Info.plist */ = {isa = PBXFileReference; lastKnownFileType = text.plist.xml; path = Info.plist; sourceTree = "<group>"; };
		656C54221AAC048A00EC2517 /* LocationTests.swift */ = {isa = PBXFileReference; lastKnownFileType = sourcecode.swift; path = LocationTests.swift; sourceTree = "<group>"; };
		656C542C1AAC054C00EC2517 /* MapKit.framework */ = {isa = PBXFileReference; lastKnownFileType = wrapper.framework; name = MapKit.framework; path = System/Library/Frameworks/MapKit.framework; sourceTree = SDKROOT; };
		656C542E1AAC094500EC2517 /* CoreLocation.framework */ = {isa = PBXFileReference; lastKnownFileType = wrapper.framework; name = CoreLocation.framework; path = System/Library/Frameworks/CoreLocation.framework; sourceTree = SDKROOT; };
/* End PBXFileReference section */

/* Begin PBXFrameworksBuildPhase section */
		656C54041AAC048A00EC2517 /* Frameworks */ = {
			isa = PBXFrameworksBuildPhase;
			buildActionMask = 2147483647;
			files = (
				656C542F1AAC094500EC2517 /* CoreLocation.framework in Frameworks */,
				656C542D1AAC054C00EC2517 /* MapKit.framework in Frameworks */,
			);
			runOnlyForDeploymentPostprocessing = 0;
		};
		656C54191AAC048A00EC2517 /* Frameworks */ = {
			isa = PBXFrameworksBuildPhase;
			buildActionMask = 2147483647;
			files = (
			);
			runOnlyForDeploymentPostprocessing = 0;
		};
/* End PBXFrameworksBuildPhase section */

/* Begin PBXGroup section */
		656C53FE1AAC048A00EC2517 = {
			isa = PBXGroup;
			children = (
				656C542E1AAC094500EC2517 /* CoreLocation.framework */,
				656C542C1AAC054C00EC2517 /* MapKit.framework */,
				656C54091AAC048A00EC2517 /* Location */,
				656C541F1AAC048A00EC2517 /* LocationTests */,
				656C54081AAC048A00EC2517 /* Products */,
			);
			sourceTree = "<group>";
		};
		656C54081AAC048A00EC2517 /* Products */ = {
			isa = PBXGroup;
			children = (
				656C54071AAC048A00EC2517 /* Location.app */,
				656C541C1AAC048A00EC2517 /* LocationTests.xctest */,
			);
			name = Products;
			sourceTree = "<group>";
		};
		656C54091AAC048A00EC2517 /* Location */ = {
			isa = PBXGroup;
			children = (
				656C540E1AAC048A00EC2517 /* ViewController.swift */,
				656C54101AAC048A00EC2517 /* Main.storyboard */,
				656C540A1AAC048A00EC2517 /* Supporting Files */,
			);
			path = Location;
			sourceTree = "<group>";
		};
		656C540A1AAC048A00EC2517 /* Supporting Files */ = {
			isa = PBXGroup;
			children = (
				656C540C1AAC048A00EC2517 /* AppDelegate.swift */,
				656C54131AAC048A00EC2517 /* Images.xcassets */,
				656C54151AAC048A00EC2517 /* LaunchScreen.xib */,
				656C540B1AAC048A00EC2517 /* Info.plist */,
			);
			name = "Supporting Files";
			sourceTree = "<group>";
		};
		656C541F1AAC048A00EC2517 /* LocationTests */ = {
			isa = PBXGroup;
			children = (
				656C54221AAC048A00EC2517 /* LocationTests.swift */,
				656C54201AAC048A00EC2517 /* Supporting Files */,
			);
			path = LocationTests;
			sourceTree = "<group>";
		};
		656C54201AAC048A00EC2517 /* Supporting Files */ = {
			isa = PBXGroup;
			children = (
				656C54211AAC048A00EC2517 /* Info.plist */,
			);
			name = "Supporting Files";
			sourceTree = "<group>";
		};
/* End PBXGroup section */

/* Begin PBXNativeTarget section */
		656C54061AAC048A00EC2517 /* Location */ = {
			isa = PBXNativeTarget;
			buildConfigurationList = 656C54261AAC048A00EC2517 /* Build configuration list for PBXNativeTarget "Location" */;
			buildPhases = (
				656C54031AAC048A00EC2517 /* Sources */,
				656C54041AAC048A00EC2517 /* Frameworks */,
				656C54051AAC048A00EC2517 /* Resources */,
			);
			buildRules = (
			);
			dependencies = (
			);
			name = Location;
			productName = Location;
			productReference = 656C54071AAC048A00EC2517 /* Location.app */;
			productType = "com.apple.product-type.application";
		};
		656C541B1AAC048A00EC2517 /* LocationTests */ = {
			isa = PBXNativeTarget;
			buildConfigurationList = 656C54291AAC048A00EC2517 /* Build configuration list for PBXNativeTarget "LocationTests" */;
			buildPhases = (
				656C54181AAC048A00EC2517 /* Sources */,
				656C54191AAC048A00EC2517 /* Frameworks */,
				656C541A1AAC048A00EC2517 /* Resources */,
			);
			buildRules = (
			);
			dependencies = (
				656C541E1AAC048A00EC2517 /* PBXTargetDependency */,
			);
			name = LocationTests;
			productName = LocationTests;
			productReference = 656C541C1AAC048A00EC2517 /* LocationTests.xctest */;
			productType = "com.apple.product-type.bundle.unit-test";
		};
/* End PBXNativeTarget section */

/* Begin PBXProject section */
		656C53FF1AAC048A00EC2517 /* Project object */ = {
			isa = PBXProject;
			attributes = {
				LastUpgradeCheck = 0610;
				ORGANIZATIONNAME = "Jinfeng Huang";
				TargetAttributes = {
					656C54061AAC048A00EC2517 = {
						CreatedOnToolsVersion = 6.1.1;
					};
					656C541B1AAC048A00EC2517 = {
						CreatedOnToolsVersion = 6.1.1;
						TestTargetID = 656C54061AAC048A00EC2517;
					};
				};
			};
			buildConfigurationList = 656C54021AAC048A00EC2517 /* Build configuration list for PBXProject "Location" */;
			compatibilityVersion = "Xcode 3.2";
			developmentRegion = English;
			hasScannedForEncodings = 0;
			knownRegions = (
				en,
				Base,
			);
			mainGroup = 656C53FE1AAC048A00EC2517;
			productRefGroup = 656C54081AAC048A00EC2517 /* Products */;
			projectDirPath = "";
			projectRoot = "";
			targets = (
				656C54061AAC048A00EC2517 /* Location */,
				656C541B1AAC048A00EC2517 /* LocationTests */,
			);
		};
/* End PBXProject section */

/* Begin PBXResourcesBuildPhase section */
		656C54051AAC048A00EC2517 /* Resources */ = {
			isa = PBXResourcesBuildPhase;
			buildActionMask = 2147483647;
			files = (
				656C54121AAC048A00EC2517 /* Main.storyboard in Resources */,
				656C54171AAC048A00EC2517 /* LaunchScreen.xib in Resources */,
				656C54141AAC048A00EC2517 /* Images.xcassets in Resources */,
			);
			runOnlyForDeploymentPostprocessing = 0;
		};
		656C541A1AAC048A00EC2517 /* Resources */ = {
			isa = PBXResourcesBuildPhase;
			buildActionMask = 2147483647;
			files = (
			);
			runOnlyForDeploymentPostprocessing = 0;
		};
/* End PBXResourcesBuildPhase section */

/* Begin PBXSourcesBuildPhase section */
		656C54031AAC048A00EC2517 /* Sources */ = {
			isa = PBXSourcesBuildPhase;
			buildActionMask = 2147483647;
			files = (
				656C540F1AAC048A00EC2517 /* ViewController.swift in Sources */,
				656C540D1AAC048A00EC2517 /* AppDelegate.swift in Sources */,
			);
			runOnlyForDeploymentPostprocessing = 0;
		};
		656C54181AAC048A00EC2517 /* Sources */ = {
			isa = PBXSourcesBuildPhase;
			buildActionMask = 2147483647;
			files = (
				656C54231AAC048A00EC2517 /* LocationTests.swift in Sources */,
			);
			runOnlyForDeploymentPostprocessing = 0;
		};
/* End PBXSourcesBuildPhase section */

/* Begin PBXTargetDependency section */
		656C541E1AAC048A00EC2517 /* PBXTargetDependency */ = {
			isa = PBXTargetDependency;
			target = 656C54061AAC048A00EC2517 /* Location */;
			targetProxy = 656C541D1AAC048A00EC2517 /* PBXContainerItemProxy */;
		};
/* End PBXTargetDependency section */

/* Begin PBXVariantGroup section */
		656C54101AAC048A00EC2517 /* Main.storyboard */ = {
			isa = PBXVariantGroup;
			children = (
				656C54111AAC048A00EC2517 /* Base */,
			);
			name = Main.storyboard;
			sourceTree = "<group>";
		};
		656C54151AAC048A00EC2517 /* LaunchScreen.xib */ = {
			isa = PBXVariantGroup;
			children = (
				656C54161AAC048A00EC2517 /* Base */,
			);
			name = LaunchScreen.xib;
			sourceTree = "<group>";
		};
/* End PBXVariantGroup section */

/* Begin XCBuildConfiguration section */
		656C54241AAC048A00EC2517 /* Debug */ = {
			isa = XCBuildConfiguration;
			buildSettings = {
				ALWAYS_SEARCH_USER_PATHS = NO;
				CLANG_CXX_LANGUAGE_STANDARD = "gnu++0x";
				CLANG_CXX_LIBRARY = "libc++";
				CLANG_ENABLE_MODULES = YES;
				CLANG_ENABLE_OBJC_ARC = YES;
				CLANG_WARN_BOOL_CONVERSION = YES;
				CLANG_WARN_CONSTANT_CONVERSION = YES;
				CLANG_WARN_DIRECT_OBJC_ISA_USAGE = YES_ERROR;
				CLANG_WARN_EMPTY_BODY = YES;
				CLANG_WARN_ENUM_CONVERSION = YES;
				CLANG_WARN_INT_CONVERSION = YES;
				CLANG_WARN_OBJC_ROOT_CLASS = YES_ERROR;
				CLANG_WARN_UNREACHABLE_CODE = YES;
				CLANG_WARN__DUPLICATE_METHOD_MATCH = YES;
				"CODE_SIGN_IDENTITY[sdk=iphoneos*]" = "iPhone Developer";
				COPY_PHASE_STRIP = NO;
				ENABLE_STRICT_OBJC_MSGSEND = YES;
				GCC_C_LANGUAGE_STANDARD = gnu99;
				GCC_DYNAMIC_NO_PIC = NO;
				GCC_OPTIMIZATION_LEVEL = 0;
				GCC_PREPROCESSOR_DEFINITIONS = (
					"DEBUG=1",
					"$(inherited)",
				);
				GCC_SYMBOLS_PRIVATE_EXTERN = NO;
				GCC_WARN_64_TO_32_BIT_CONVERSION = YES;
				GCC_WARN_ABOUT_RETURN_TYPE = YES_ERROR;
				GCC_WARN_UNDECLARED_SELECTOR = YES;
				GCC_WARN_UNINITIALIZED_AUTOS = YES_AGGRESSIVE;
				GCC_WARN_UNUSED_FUNCTION = YES;
				GCC_WARN_UNUSED_VARIABLE = YES;
				IPHONEOS_DEPLOYMENT_TARGET = 8.1;
				MTL_ENABLE_DEBUG_INFO = YES;
				ONLY_ACTIVE_ARCH = YES;
				SDKROOT = iphoneos;
				SWIFT_OPTIMIZATION_LEVEL = "-Onone";
			};
			name = Debug;
		};
		656C54251AAC048A00EC2517 /* Release */ = {
			isa = XCBuildConfiguration;
			buildSettings = {
				ALWAYS_SEARCH_USER_PATHS = NO;
				CLANG_CXX_LANGUAGE_STANDARD = "gnu++0x";
				CLANG_CXX_LIBRARY = "libc++";
				CLANG_ENABLE_MODULES = YES;
				CLANG_ENABLE_OBJC_ARC = YES;
				CLANG_WARN_BOOL_CONVERSION = YES;
				CLANG_WARN_CONSTANT_CONVERSION = YES;
				CLANG_WARN_DIRECT_OBJC_ISA_USAGE = YES_ERROR;
				CLANG_WARN_EMPTY_BODY = YES;
				CLANG_WARN_ENUM_CONVERSION = YES;
				CLANG_WARN_INT_CONVERSION = YES;
				CLANG_WARN_OBJC_ROOT_CLASS = YES_ERROR;
				CLANG_WARN_UNREACHABLE_CODE = YES;
				CLANG_WARN__DUPLICATE_METHOD_MATCH = YES;
				"CODE_SIGN_IDENTITY[sdk=iphoneos*]" = "iPhone Developer";
				COPY_PHASE_STRIP = YES;
				ENABLE_NS_ASSERTIONS = NO;
				ENABLE_STRICT_OBJC_MSGSEND = YES;
				GCC_C_LANGUAGE_STANDARD = gnu99;
				GCC_WARN_64_TO_32_BIT_CONVERSION = YES;
				GCC_WARN_ABOUT_RETURN_TYPE = YES_ERROR;
				GCC_WARN_UNDECLARED_SELECTOR = YES;
				GCC_WARN_UNINITIALIZED_AUTOS = YES_AGGRESSIVE;
				GCC_WARN_UNUSED_FUNCTION = YES;
				GCC_WARN_UNUSED_VARIABLE = YES;
				IPHONEOS_DEPLOYMENT_TARGET = 8.1;
				MTL_ENABLE_DEBUG_INFO = NO;
				SDKROOT = iphoneos;
				VALIDATE_PRODUCT = YES;
			};
			name = Release;
		};
		656C54271AAC048A00EC2517 /* Debug */ = {
			isa = XCBuildConfiguration;
			buildSettings = {
				ASSETCATALOG_COMPILER_APPICON_NAME = AppIcon;
				INFOPLIST_FILE = Location/Info.plist;
				LD_RUNPATH_SEARCH_PATHS = "$(inherited) @executable_path/Frameworks";
				PRODUCT_NAME = "$(TARGET_NAME)";
			};
			name = Debug;
		};
		656C54281AAC048A00EC2517 /* Release */ = {
			isa = XCBuildConfiguration;
			buildSettings = {
				ASSETCATALOG_COMPILER_APPICON_NAME = AppIcon;
				INFOPLIST_FILE = Location/Info.plist;
				LD_RUNPATH_SEARCH_PATHS = "$(inherited) @executable_path/Frameworks";
				PRODUCT_NAME = "$(TARGET_NAME)";
			};
			name = Release;
		};
		656C542A1AAC048A00EC2517 /* Debug */ = {
			isa = XCBuildConfiguration;
			buildSettings = {
				BUNDLE_LOADER = "$(TEST_HOST)";
				FRAMEWORK_SEARCH_PATHS = (
					"$(SDKROOT)/Developer/Library/Frameworks",
					"$(inherited)",
				);
				GCC_PREPROCESSOR_DEFINITIONS = (
					"DEBUG=1",
					"$(inherited)",
				);
				INFOPLIST_FILE = LocationTests/Info.plist;
				LD_RUNPATH_SEARCH_PATHS = "$(inherited) @executable_path/Frameworks @loader_path/Frameworks";
				PRODUCT_NAME = "$(TARGET_NAME)";
				TEST_HOST = "$(BUILT_PRODUCTS_DIR)/Location.app/Location";
			};
			name = Debug;
		};
		656C542B1AAC048A00EC2517 /* Release */ = {
			isa = XCBuildConfiguration;
			buildSettings = {
				BUNDLE_LOADER = "$(TEST_HOST)";
				FRAMEWORK_SEARCH_PATHS = (
					"$(SDKROOT)/Developer/Library/Frameworks",
					"$(inherited)",
				);
				INFOPLIST_FILE = LocationTests/Info.plist;
				LD_RUNPATH_SEARCH_PATHS = "$(inherited) @executable_path/Frameworks @loader_path/Frameworks";
				PRODUCT_NAME = "$(TARGET_NAME)";
				TEST_HOST = "$(BUILT_PRODUCTS_DIR)/Location.app/Location";
			};
			name = Release;
		};
/* End XCBuildConfiguration section */

/* Begin XCConfigurationList section */
		656C54021AAC048A00EC2517 /* Build configuration list for PBXProject "Location" */ = {
			isa = XCConfigurationList;
			buildConfigurations = (
				656C54241AAC048A00EC2517 /* Debug */,
				656C54251AAC048A00EC2517 /* Release */,
			);
			defaultConfigurationIsVisible = 0;
			defaultConfigurationName = Release;
		};
		656C54261AAC048A00EC2517 /* Build configuration list for PBXNativeTarget "Location" */ = {
			isa = XCConfigurationList;
			buildConfigurations = (
				656C54271AAC048A00EC2517 /* Debug */,
				656C54281AAC048A00EC2517 /* Release */,
			);
			defaultConfigurationIsVisible = 0;
		};
		656C54291AAC048A00EC2517 /* Build configuration list for PBXNativeTarget "LocationTests" */ = {
			isa = XCConfigurationList;
			buildConfigurations = (
				656C542A1AAC048A00EC2517 /* Debug */,
				656C542B1AAC048A00EC2517 /* Release */,
			);
			defaultConfigurationIsVisible = 0;
		};
/* End XCConfigurationList section */
	};
	rootObject = 656C53FF1AAC048A00EC2517 /* Project object */;
}
